<?xml version="1.0" encoding="utf-8"?>
<Project ToolsVersion="4.0" xmlns="http://schemas.microsoft.com/developer/msbuild/2003">
  <ItemGroup>
    <ClCompile Include="src\main.cpp" />
    <ClCompile Include="src\lexer.cpp" />
    <ClCompile Include="src\reporter.cpp" />
    <ClCompile Include="src\escape.cpp" />
    <ClCompile Include="src\token.cpp" />
    <ClCompile Include="src\parser.cpp" />
    <ClCompile Include="src\type.cpp" />
    <ClCompile Include="src\binary_operation.cpp" />
    <ClCompile Include="src\unary_operation.cpp" />
    <ClCompile Include="src\mutability.cpp" />
    <ClCompile Include="src\nodes.cpp" />
    <ClCompile Include="src\fiber.cpp" />
    <ClCompile Include="src\bytecode\interpreter.cpp" />
    <ClCompile Include="src\value.cpp" />
    <ClCompile Include="src\bytecode\builder.cpp" />
    <ClCompile Include="src\nameable.cpp" />
    <ClCompile Include="src\make_node.cpp" />
    <ClCompile Include="src\node_interpreter.cpp" />
    <ClCompile Include="src\debug.cpp" />
    <ClCompile Include="src\typechecker.cpp" />
    <ClCompile Include="src\copier.cpp" />
    <ClCompile Include="src\get_constant_value.cpp" />
    <ClCompile Include="src\is_constant.cpp" />
    <ClCompile Include="src\is_mutable.cpp" />
    <ClCompile Include="src\do_all_paths_return.cpp" />
  </ItemGroup>
  <ItemGroup>
    <ClInclude Include="x.h" />
    <ClInclude Include="src\print_ast.inl" />
    <ClInclude Include="src\visit.h" />
    <ClInclude Include="src\c_parser.h" />
    <ClInclude Include="src\meaning.h" />
    <ClInclude Include="src\mutability.h" />
    <ClInclude Include="src\bytecode\interpreter.h" />
    <ClInclude Include="src\bytecode\builder.h" />
    <ClInclude Include="src\bytecode\bytecode.h" />
    <ClInclude Include="src\parser.h" />
    <ClInclude Include="src\lexer.h" />
    <ClInclude Include="src\common.h" />
    <ClInclude Include="src\node_interpreter.h" />
    <ClInclude Include="src\token.h" />
    <ClInclude Include="src\reporter.h" />
    <ClInclude Include="src\escape.h" />
    <ClInclude Include="src\nodes.h" />
    <ClInclude Include="src\value.h" />
    <ClInclude Include="src\unsized_integer.h" />
    <ClInclude Include="src\type.h" />
    <ClInclude Include="src\nodes_fwd.h" />
    <ClInclude Include="src\node.h" />
    <ClInclude Include="src\binary_operation.h" />
    <ClInclude Include="src\nameable.h" />
    <ClInclude Include="src\unary_operation.h" />
    <ClInclude Include="src\capitalized.h" />
    <ClInclude Include="src\fiber.h" />
    <ClInclude Include="src\debug.h" />
    <ClInclude Include="src\builtin_structs.h" />
    <ClInclude Include="src\target_platform.h" />
    <ClInclude Include="src\x.h" />
    <ClInclude Include="src\make_node.h" />
    <ClInclude Include="src\typechecker.h" />
    <ClInclude Include="src\copier.h" />
    <ClInclude Include="src\get_constant_value.h" />
    <ClInclude Include="src\is_constant.h" />
    <ClInclude Include="src\is_mutable.h" />
    <ClInclude Include="src\do_all_paths_return.h" />
    <ClInclude Include="src\backend.h" />
    <ClInclude Include="src\compiler_context.h" />
  </ItemGroup>
</Project>