
Microsoft Visual Studio Solution File, Format Version 12.00
# Visual Studio Version 17
VisualStudioVersion = 17.5.33516.290
MinimumVisualStudioVersion = 10.0.40219.1
Project("{8BC9CEB8-8B4A-11D0-8D11-00A0C91BC942}") = "simplex", "simplex.vcxproj", "{7D4D9C5A-FD2C-42D4-B564-604A2AAC8A05}"
	ProjectSection(ProjectDependencies) = postProject
		{D8ACA62C-7796-425B-A69F-0C3BE2809E35} = {D8ACA62C-7796-425B-A69F-0C3BE2809E35}
	EndProjectSection
EndProject
Project("{2150E333-8FDC-42A3-9474-1A3956D46DE8}") = "Элементы решения", "Элементы решения", "{3C731290-52A5-4AEC-9CA9-CF0E44A0A2CA}"
	ProjectSection(SolutionItems) = preProject
		simplex.natvis = simplex.natvis
		dep\tl\tl.natvis = dep\tl\tl.natvis
	EndProjectSection
EndProject
Project("{8BC9CEB8-8B4A-11D0-8D11-00A0C91BC942}") = "tests", "test_runner\test_runner.vcxproj", "{C64A3AA6-BA4E-4446-B1F5-A536A2541081}"
	ProjectSection(ProjectDependencies) = postProject
		{7D4D9C5A-FD2C-42D4-B564-604A2AAC8A05} = {7D4D9C5A-FD2C-42D4-B564-604A2AAC8A05}
	EndProjectSection
EndProject
Project("{8BC9CEB8-8B4A-11D0-8D11-00A0C91BC942}") = "fuzzer", "fuzzer\fuzzer.vcxproj", "{9BE8748B-1320-4FB7-978B-C0374B8DE164}"
	ProjectSection(ProjectDependencies) = postProject
		{7D4D9C5A-FD2C-42D4-B564-604A2AAC8A05} = {7D4D9C5A-FD2C-42D4-B564-604A2AAC8A05}
	EndProjectSection
EndProject
Project("{8BC9CEB8-8B4A-11D0-8D11-00A0C91BC942}") = "x64", "x64\x64.vcxproj", "{D8ACA62C-7796-425B-A69F-0C3BE2809E35}"
EndProject
Global
	GlobalSection(SolutionConfigurationPlatforms) = preSolution
		Debug|x64 = Debug|x64
		Debug|x86 = Debug|x86
		DebugFast|x64 = DebugFast|x64
		DebugFast|x86 = DebugFast|x86
		Release|x64 = Release|x64
		Release|x86 = Release|x86
	EndGlobalSection
	GlobalSection(ProjectConfigurationPlatforms) = postSolution
		{7D4D9C5A-FD2C-42D4-B564-604A2AAC8A05}.Debug|x64.ActiveCfg = Debug|x64
		{7D4D9C5A-FD2C-42D4-B564-604A2AAC8A05}.Debug|x64.Build.0 = Debug|x64
		{7D4D9C5A-FD2C-42D4-B564-604A2AAC8A05}.Debug|x86.ActiveCfg = Debug|x64
		{7D4D9C5A-FD2C-42D4-B564-604A2AAC8A05}.Debug|x86.Build.0 = Debug|x64
		{7D4D9C5A-FD2C-42D4-B564-604A2AAC8A05}.DebugFast|x64.ActiveCfg = Debug|x64
		{7D4D9C5A-FD2C-42D4-B564-604A2AAC8A05}.DebugFast|x64.Build.0 = Debug|x64
		{7D4D9C5A-FD2C-42D4-B564-604A2AAC8A05}.DebugFast|x86.ActiveCfg = Debug|x64
		{7D4D9C5A-FD2C-42D4-B564-604A2AAC8A05}.DebugFast|x86.Build.0 = Debug|x64
		{7D4D9C5A-FD2C-42D4-B564-604A2AAC8A05}.Release|x64.ActiveCfg = Release|x64
		{7D4D9C5A-FD2C-42D4-B564-604A2AAC8A05}.Release|x64.Build.0 = Release|x64
		{7D4D9C5A-FD2C-42D4-B564-604A2AAC8A05}.Release|x86.ActiveCfg = Release|x64
		{7D4D9C5A-FD2C-42D4-B564-604A2AAC8A05}.Release|x86.Build.0 = Release|x64
		{C64A3AA6-BA4E-4446-B1F5-A536A2541081}.Debug|x64.ActiveCfg = Debug|x64
		{C64A3AA6-BA4E-4446-B1F5-A536A2541081}.Debug|x64.Build.0 = Debug|x64
		{C64A3AA6-BA4E-4446-B1F5-A536A2541081}.Debug|x86.ActiveCfg = Debug|x64
		{C64A3AA6-BA4E-4446-B1F5-A536A2541081}.Debug|x86.Build.0 = Debug|x64
		{C64A3AA6-BA4E-4446-B1F5-A536A2541081}.DebugFast|x64.ActiveCfg = Debug|x64
		{C64A3AA6-BA4E-4446-B1F5-A536A2541081}.DebugFast|x64.Build.0 = Debug|x64
		{C64A3AA6-BA4E-4446-B1F5-A536A2541081}.DebugFast|x86.ActiveCfg = Debug|x64
		{C64A3AA6-BA4E-4446-B1F5-A536A2541081}.DebugFast|x86.Build.0 = Debug|x64
		{C64A3AA6-BA4E-4446-B1F5-A536A2541081}.Release|x64.ActiveCfg = Release|x64
		{C64A3AA6-BA4E-4446-B1F5-A536A2541081}.Release|x64.Build.0 = Release|x64
		{C64A3AA6-BA4E-4446-B1F5-A536A2541081}.Release|x86.ActiveCfg = Release|x64
		{C64A3AA6-BA4E-4446-B1F5-A536A2541081}.Release|x86.Build.0 = Release|x64
		{9BE8748B-1320-4FB7-978B-C0374B8DE164}.Debug|x64.ActiveCfg = Debug|x64
		{9BE8748B-1320-4FB7-978B-C0374B8DE164}.Debug|x64.Build.0 = Debug|x64
		{9BE8748B-1320-4FB7-978B-C0374B8DE164}.Debug|x86.ActiveCfg = Debug|x64
		{9BE8748B-1320-4FB7-978B-C0374B8DE164}.Debug|x86.Build.0 = Debug|x64
		{9BE8748B-1320-4FB7-978B-C0374B8DE164}.DebugFast|x64.ActiveCfg = Debug|x64
		{9BE8748B-1320-4FB7-978B-C0374B8DE164}.DebugFast|x64.Build.0 = Debug|x64
		{9BE8748B-1320-4FB7-978B-C0374B8DE164}.DebugFast|x86.ActiveCfg = Debug|x64
		{9BE8748B-1320-4FB7-978B-C0374B8DE164}.DebugFast|x86.Build.0 = Debug|x64
		{9BE8748B-1320-4FB7-978B-C0374B8DE164}.Release|x64.ActiveCfg = Release|x64
		{9BE8748B-1320-4FB7-978B-C0374B8DE164}.Release|x64.Build.0 = Release|x64
		{9BE8748B-1320-4FB7-978B-C0374B8DE164}.Release|x86.ActiveCfg = Release|x64
		{9BE8748B-1320-4FB7-978B-C0374B8DE164}.Release|x86.Build.0 = Release|x64
		{D8ACA62C-7796-425B-A69F-0C3BE2809E35}.Debug|x64.ActiveCfg = Debug|x64
		{D8ACA62C-7796-425B-A69F-0C3BE2809E35}.Debug|x64.Build.0 = Debug|x64
		{D8ACA62C-7796-425B-A69F-0C3BE2809E35}.Debug|x86.ActiveCfg = Debug|x64
		{D8ACA62C-7796-425B-A69F-0C3BE2809E35}.Debug|x86.Build.0 = Debug|x64
		{D8ACA62C-7796-425B-A69F-0C3BE2809E35}.DebugFast|x64.ActiveCfg = DebugFast|x64
		{D8ACA62C-7796-425B-A69F-0C3BE2809E35}.DebugFast|x64.Build.0 = DebugFast|x64
		{D8ACA62C-7796-425B-A69F-0C3BE2809E35}.DebugFast|x86.ActiveCfg = DebugFast|x64
		{D8ACA62C-7796-425B-A69F-0C3BE2809E35}.DebugFast|x86.Build.0 = DebugFast|x64
		{D8ACA62C-7796-425B-A69F-0C3BE2809E35}.Release|x64.ActiveCfg = Release|x64
		{D8ACA62C-7796-425B-A69F-0C3BE2809E35}.Release|x64.Build.0 = Release|x64
		{D8ACA62C-7796-425B-A69F-0C3BE2809E35}.Release|x86.ActiveCfg = Release|x64
		{D8ACA62C-7796-425B-A69F-0C3BE2809E35}.Release|x86.Build.0 = Release|x64
	EndGlobalSection
	GlobalSection(SolutionProperties) = preSolution
		HideSolutionNode = FALSE
	EndGlobalSection
	GlobalSection(ExtensibilityGlobals) = postSolution
		SolutionGuid = {10E7AC41-B810-4A16-8BE3-9E24219E04DA}
	EndGlobalSection
EndGlobal
